
Microsoft Visual Studio Solution File, Format Version 12.00
# Visual Studio Version 16
VisualStudioVersion = 16.0.31424.327
MinimumVisualStudioVersion = 10.0.40219.1
Project("{FAE04EC0-301F-11D3-BF4B-00C04F79EFBC}") = "CadastroDeAluno", "CadastroDeAluno\CadastroDeAluno.csproj", "{1228364A-43AE-4628-B1BA-C280AFEAFE9E}"
EndProject
Global
	GlobalSection(SolutionConfigurationPlatforms) = preSolution
		Debug|Any CPU = Debug|Any CPU
		Release|Any CPU = Release|Any CPU
	EndGlobalSection
	GlobalSection(ProjectConfigurationPlatforms) = postSolution
		{1228364A-43AE-4628-B1BA-C280AFEAFE9E}.Debug|Any CPU.ActiveCfg = Debug|Any CPU
		{1228364A-43AE-4628-B1BA-C280AFEAFE9E}.Debug|Any CPU.Build.0 = Debug|Any CPU
		{1228364A-43AE-4628-B1BA-C280AFEAFE9E}.Release|Any CPU.ActiveCfg = Release|Any CPU
		{1228364A-43AE-4628-B1BA-C280AFEAFE9E}.Release|Any CPU.Build.0 = Release|Any CPU
	EndGlobalSection
	GlobalSection(SolutionProperties) = preSolution
		HideSolutionNode = FALSE
	EndGlobalSection
	GlobalSection(ExtensibilityGlobals) = postSolution
		SolutionGuid = {F3BE417B-F068-4126-BBBF-C3A106E2D24E}
	EndGlobalSection
EndGlobal
